<?xml version="1.0" encoding="utf-8"?>
<Project ToolsVersion="4.0" xmlns="http://schemas.microsoft.com/developer/msbuild/2003">
  <ItemGroup>
    <Filter Include="Quellcodedateien">
      <UniqueIdentifier>{c040d086-8005-48e6-8489-9a16bed9c0be}</UniqueIdentifier>
      <Extensions>cpp;c;cxx;rc;def;r;odl;idl;hpj;bat</Extensions>
    </Filter>
    <Filter Include="Header-Dateien">
      <UniqueIdentifier>{f10d8a9d-da81-4744-8d1c-756a503fc86b}</UniqueIdentifier>
      <Extensions>h;hpp;hxx;hm;inl</Extensions>
    </Filter>
    <Filter Include="Ressourcendateien">
      <UniqueIdentifier>{50f0a98e-fe05-47c8-a74b-a152f1844ad2}</UniqueIdentifier>
      <Extensions>ico;cur;bmp;dlg;rc2;rct;bin;rgs;gif;jpg;jpeg;jpe</Extensions>
    </Filter>
  </ItemGroup>
  <ItemGroup>
    <ClCompile Include="dbparameter.cpp">
      <Filter>Quellcodedateien</Filter>
    </ClCompile>
    <ClCompile Include="editparameter.cpp">
      <Filter>Quellcodedateien</Filter>
    </ClCompile>
    <ClCompile Include="iniparameter.cpp">
      <Filter>Quellcodedateien</Filter>
    </ClCompile>
    <ClCompile Include="mxparam.cpp">
      <Filter>Quellcodedateien</Filter>
    </ClCompile>
    <ClCompile Include="mxparameter.cpp">
      <Filter>Quellcodedateien</Filter>
    </ClCompile>
    <ClCompile Include="parameter.cpp">
      <Filter>Quellcodedateien</Filter>
    </ClCompile>
    <ClCompile Include="passwd.cpp">
      <Filter>Quellcodedateien</Filter>
    </ClCompile>
    <ClCompile Include="Property.cpp">
      <Filter>Quellcodedateien</Filter>
    </ClCompile>
    <ClCompile Include="PropPageAllgemein.cpp">
      <Filter>Quellcodedateien</Filter>
    </ClCompile>
    <ClCompile Include="PropPageAnsicht.cpp">
      <Filter>Quellcodedateien</Filter>
    </ClCompile>
    <ClCompile Include="PropPageFreigabe.cpp">
      <Filter>Quellcodedateien</Filter>
    </ClCompile>
    <ClCompile Include="PropPageGewinderohr.cpp">
      <Filter>Quellcodedateien</Filter>
    </ClCompile>
    <ClCompile Include="PropPageGraphik.cpp">
      <Filter>Quellcodedateien</Filter>
    </ClCompile>
    <ClCompile Include="PropPageProjekt.cpp">
      <Filter>Quellcodedateien</Filter>
    </ClCompile>
    <ClCompile Include="PropPageSysAll.cpp">
      <Filter>Quellcodedateien</Filter>
    </ClCompile>
    <ClCompile Include="PropPageUser.cpp">
      <Filter>Quellcodedateien</Filter>
    </ClCompile>
    <ClCompile Include="regparameter.cpp">
      <Filter>Quellcodedateien</Filter>
    </ClCompile>
    <ClCompile Include="TextData.cpp">
      <Filter>Quellcodedateien</Filter>
    </ClCompile>
    <ClCompile Include="waxproppage.cpp">
      <Filter>Quellcodedateien</Filter>
    </ClCompile>
    <ClCompile Include="waxsys.cpp">
      <Filter>Quellcodedateien</Filter>
    </ClCompile>
  </ItemGroup>
  <ItemGroup>
    <None Include="mxparam.def">
      <Filter>Quellcodedateien</Filter>
    </None>
    <None Include="res\SysParm.rc2">
      <Filter>Header-Dateien</Filter>
    </None>
    <None Include="..\mxodbc\RES\WAXODBC.RC2">
      <Filter>Ressourcendateien</Filter>
    </None>
  </ItemGroup>
  <ItemGroup>
    <ResourceCompile Include="mxparam.rc">
      <Filter>Quellcodedateien</Filter>
    </ResourceCompile>
  </ItemGroup>
  <ItemGroup>
    <ClInclude Include="dbparameter.h">
      <Filter>Header-Dateien</Filter>
    </ClInclude>
    <ClInclude Include="editparameter.h">
      <Filter>Header-Dateien</Filter>
    </ClInclude>
    <ClInclude Include="iniparameter.h">
      <Filter>Header-Dateien</Filter>
    </ClInclude>
    <ClInclude Include="mxparam.h">
      <Filter>Header-Dateien</Filter>
    </ClInclude>
    <ClInclude Include="MxParam_Dll.h">
      <Filter>Header-Dateien</Filter>
    </ClInclude>
    <ClInclude Include="mxparameter.h">
      <Filter>Header-Dateien</Filter>
    </ClInclude>
    <ClInclude Include="parameter.h">
      <Filter>Header-Dateien</Filter>
    </ClInclude>
    <ClInclude Include="passwd.h">
      <Filter>Header-Dateien</Filter>
    </ClInclude>
    <ClInclude Include="Property.h">
      <Filter>Header-Dateien</Filter>
    </ClInclude>
    <ClInclude Include="PropPageAllgemein.h">
      <Filter>Header-Dateien</Filter>
    </ClInclude>
    <ClInclude Include="PropPageAnsicht.h">
      <Filter>Header-Dateien</Filter>
    </ClInclude>
    <ClInclude Include="PropPageFreigabe.h">
      <Filter>Header-Dateien</Filter>
    </ClInclude>
    <ClInclude Include="PropPageGewinderohr.h">
      <Filter>Header-Dateien</Filter>
    </ClInclude>
    <ClInclude Include="PropPageGraphik.h">
      <Filter>Header-Dateien</Filter>
    </ClInclude>
    <ClInclude Include="PropPageProjekt.h">
      <Filter>Header-Dateien</Filter>
    </ClInclude>
    <ClInclude Include="PropPageSysAll.h">
      <Filter>Header-Dateien</Filter>
    </ClInclude>
    <ClInclude Include="PropPageUser.h">
      <Filter>Header-Dateien</Filter>
    </ClInclude>
    <ClInclude Include="regparameter.h">
      <Filter>Header-Dateien</Filter>
    </ClInclude>
    <ClInclude Include="Resource.h">
      <Filter>Header-Dateien</Filter>
    </ClInclude>
    <ClInclude Include="StdAfx.h">
      <Filter>Header-Dateien</Filter>
    </ClInclude>
    <ClInclude Include="TextData.h">
      <Filter>Header-Dateien</Filter>
    </ClInclude>
    <ClInclude Include="waxproppage.h">
      <Filter>Header-Dateien</Filter>
    </ClInclude>
    <ClInclude Include="waxsys.h">
      <Filter>Header-Dateien</Filter>
    </ClInclude>
  </ItemGroup>
  <ItemGroup>
    <Image Include="res\sysparam.ico">
      <Filter>Ressourcendateien</Filter>
    </Image>
    <Image Include="res\trennstrich.bmp">
      <Filter>Ressourcendateien</Filter>
    </Image>
    <Image Include="res\trennstrich_kurz.bmp">
      <Filter>Ressourcendateien</Filter>
    </Image>
  </ItemGroup>
</Project>