Microsoft Visual Studio Solution File, Format Version 12.00
# Visual Studio Version 17
VisualStudioVersion = 17.0.31903.59
MinimumVisualStudioVersion = 10.0.40219.1
Project("{8BC9CEB8-8B4A-11D0-8D11-00A0C91BC942}") = "mxparam_m", "mxparam_m\mxparam_m.vcxproj", "{60E2A36D-9D18-4EED-98D7-20C4E156A66F}"
EndProject
Global
	GlobalSection(SolutionConfigurationPlatforms) = preSolution
		Debug|Win32 = Debug|Win32
		Debug|x64 = Debug|x64
		Release|Win32 = Release|Win32
		Release|x64 = Release|x64
	EndGlobalSection
	GlobalSection(ProjectConfigurationPlatforms) = postSolution
		{60E2A36D-9D18-4EED-98D7-20C4E156A66F}.Debug|Win32.ActiveCfg = Debug|Win32
		{60E2A36D-9D18-4EED-98D7-20C4E156A66F}.Debug|Win32.Build.0 = Debug|Win32
		{60E2A36D-9D18-4EED-98D7-20C4E156A66F}.Debug|x64.ActiveCfg = Debug|x64
		{60E2A36D-9D18-4EED-98D7-20C4E156A66F}.Debug|x64.Build.0 = Debug|x64
		{60E2A36D-9D18-4EED-98D7-20C4E156A66F}.Release|Win32.ActiveCfg = Release|Win32
		{60E2A36D-9D18-4EED-98D7-20C4E156A66F}.Release|Win32.Build.0 = Release|Win32
		{60E2A36D-9D18-4EED-98D7-20C4E156A66F}.Release|x64.ActiveCfg = Release|x64
		{60E2A36D-9D18-4EED-98D7-20C4E156A66F}.Release|x64.Build.0 = Release|x64
	EndGlobalSection
	GlobalSection(SolutionProperties) = preSolution
		HideSolutionNode = FALSE
	EndGlobalSection
EndGlobal
